// !$*UTF8*$!
{
	archiveVersion = 1;
	classes = {
	};
	objectVersion = 46;
	objects = {

/* Begin PBXBuildFile section */
		3A388EE01ECABE2F00DC910C /* ISMRoom.c in Sources */ = {isa = PBXBuildFile; fileRef = 3A388EDE1ECABE2F00DC910C /* ISMRoom.c */; };
		3AAAF9BB1ECAF86900311CE7 /* ISMVector3D.c in Sources */ = {isa = PBXBuildFile; fileRef = 3AAAF9BA1ECAF86900311CE7 /* ISMVector3D.c */; };
		3AAAF9BD1ECAF91000311CE7 /* ISMWall.c in Sources */ = {isa = PBXBuildFile; fileRef = 3AAAF9BC1ECAF91000311CE7 /* ISMWall.c */; };
		3AAE63191EC962F500DD84BE /* main.c in Sources */ = {isa = PBXBuildFile; fileRef = 3AAE63181EC962F500DD84BE /* main.c */; };
		3AAE63211EC9633B00DD84BE /* ISM.c in Sources */ = {isa = PBXBuildFile; fileRef = 3AAE631F1EC9633B00DD84BE /* ISM.c */; };
		3AB12BC21ED29D8200606B11 /* HRTFFilter.c in Sources */ = {isa = PBXBuildFile; fileRef = 3AB12BC01ED29D8200606B11 /* HRTFFilter.c */; };
		3AB12BC61ED2A71F00606B11 /* ERImpulseResponse.c in Sources */ = {isa = PBXBuildFile; fileRef = 3AB12BC41ED2A71F00606B11 /* ERImpulseResponse.c */; };
		3AB12BC91ED2E4F400606B11 /* ISMVector2D.c in Sources */ = {isa = PBXBuildFile; fileRef = 3AB12BC71ED2E4F400606B11 /* ISMVector2D.c */; };
/* End PBXBuildFile section */

/* Begin PBXCopyFilesBuildPhase section */
		3AAE63131EC962F500DD84BE /* CopyFiles */ = {
			isa = PBXCopyFilesBuildPhase;
			buildActionMask = 2147483647;
			dstPath = /usr/share/man/man1/;
			dstSubfolderSpec = 0;
			files = (
			);
			runOnlyForDeploymentPostprocessing = 1;
		};
/* End PBXCopyFilesBuildPhase section */

/* Begin PBXFileReference section */
		3A388EDE1ECABE2F00DC910C /* ISMRoom.c */ = {isa = PBXFileReference; fileEncoding = 4; lastKnownFileType = sourcecode.c.c; lineEnding = 0; path = ISMRoom.c; sourceTree = "<group>"; xcLanguageSpecificationIdentifier = xcode.lang.c; };
		3A388EDF1ECABE2F00DC910C /* ISMRoom.h */ = {isa = PBXFileReference; fileEncoding = 4; lastKnownFileType = sourcecode.c.h; lineEnding = 0; path = ISMRoom.h; sourceTree = "<group>"; xcLanguageSpecificationIdentifier = xcode.lang.objcpp; };
		3AAAF9BA1ECAF86900311CE7 /* ISMVector3D.c */ = {isa = PBXFileReference; fileEncoding = 4; lastKnownFileType = sourcecode.c.c; path = ISMVector3D.c; sourceTree = "<group>"; };
		3AAAF9BC1ECAF91000311CE7 /* ISMWall.c */ = {isa = PBXFileReference; fileEncoding = 4; lastKnownFileType = sourcecode.c.c; path = ISMWall.c; sourceTree = "<group>"; };
		3AAE63151EC962F500DD84BE /* ImageSourceMethod */ = {isa = PBXFileReference; explicitFileType = "compiled.mach-o.executable"; includeInIndex = 0; path = ImageSourceMethod; sourceTree = BUILT_PRODUCTS_DIR; };
		3AAE63181EC962F500DD84BE /* main.c */ = {isa = PBXFileReference; lastKnownFileType = sourcecode.c.c; path = main.c; sourceTree = "<group>"; };
		3AAE631F1EC9633B00DD84BE /* ISM.c */ = {isa = PBXFileReference; fileEncoding = 4; lastKnownFileType = sourcecode.c.c; lineEnding = 0; path = ISM.c; sourceTree = "<group>"; xcLanguageSpecificationIdentifier = xcode.lang.c; };
		3AAE63201EC9633B00DD84BE /* ISM.h */ = {isa = PBXFileReference; fileEncoding = 4; lastKnownFileType = sourcecode.c.h; lineEnding = 0; path = ISM.h; sourceTree = "<group>"; xcLanguageSpecificationIdentifier = xcode.lang.objcpp; };
		3AAE63221EC963DB00DD84BE /* ISMVector3D.h */ = {isa = PBXFileReference; lastKnownFileType = sourcecode.c.h; path = ISMVector3D.h; sourceTree = "<group>"; };
		3AAE63231EC9644D00DD84BE /* ISMWall.h */ = {isa = PBXFileReference; lastKnownFileType = sourcecode.c.h; lineEnding = 0; path = ISMWall.h; sourceTree = "<group>"; xcLanguageSpecificationIdentifier = xcode.lang.objcpp; };
		3AB12BC01ED29D8200606B11 /* HRTFFilter.c */ = {isa = PBXFileReference; fileEncoding = 4; lastKnownFileType = sourcecode.c.c; path = HRTFFilter.c; sourceTree = "<group>"; };
		3AB12BC11ED29D8200606B11 /* HRTFFilter.h */ = {isa = PBXFileReference; fileEncoding = 4; lastKnownFileType = sourcecode.c.h; path = HRTFFilter.h; sourceTree = "<group>"; };
		3AB12BC41ED2A71F00606B11 /* ERImpulseResponse.c */ = {isa = PBXFileReference; fileEncoding = 4; lastKnownFileType = sourcecode.c.c; path = ERImpulseResponse.c; sourceTree = "<group>"; };
		3AB12BC51ED2A71F00606B11 /* ERImpulseResponse.h */ = {isa = PBXFileReference; fileEncoding = 4; lastKnownFileType = sourcecode.c.h; path = ERImpulseResponse.h; sourceTree = "<group>"; };
		3AB12BC71ED2E4F400606B11 /* ISMVector2D.c */ = {isa = PBXFileReference; fileEncoding = 4; lastKnownFileType = sourcecode.c.c; path = ISMVector2D.c; sourceTree = "<group>"; };
		3AB12BC81ED2E4F400606B11 /* ISMVector2D.h */ = {isa = PBXFileReference; fileEncoding = 4; lastKnownFileType = sourcecode.c.h; path = ISMVector2D.h; sourceTree = "<group>"; };
/* End PBXFileReference section */

/* Begin PBXFrameworksBuildPhase section */
		3AAE63121EC962F500DD84BE /* Frameworks */ = {
			isa = PBXFrameworksBuildPhase;
			buildActionMask = 2147483647;
			files = (
			);
			runOnlyForDeploymentPostprocessing = 0;
		};
/* End PBXFrameworksBuildPhase section */

/* Begin PBXGroup section */
		3AAE630C1EC962F500DD84BE = {
			isa = PBXGroup;
			children = (
				3AAE63171EC962F500DD84BE /* ImageSourceMethod */,
				3AAE63161EC962F500DD84BE /* Products */,
			);
			sourceTree = "<group>";
		};
		3AAE63161EC962F500DD84BE /* Products */ = {
			isa = PBXGroup;
			children = (
				3AAE63151EC962F500DD84BE /* ImageSourceMethod */,
			);
			name = Products;
			sourceTree = "<group>";
		};
		3AAE63171EC962F500DD84BE /* ImageSourceMethod */ = {
			isa = PBXGroup;
			children = (
				3AAE63181EC962F500DD84BE /* main.c */,
				3AAE631F1EC9633B00DD84BE /* ISM.c */,
				3AAE63201EC9633B00DD84BE /* ISM.h */,
				3AAE63221EC963DB00DD84BE /* ISMVector3D.h */,
				3AAAF9BA1ECAF86900311CE7 /* ISMVector3D.c */,
				3AAE63231EC9644D00DD84BE /* ISMWall.h */,
				3AAAF9BC1ECAF91000311CE7 /* ISMWall.c */,
				3A388EDE1ECABE2F00DC910C /* ISMRoom.c */,
				3A388EDF1ECABE2F00DC910C /* ISMRoom.h */,
				3AB12BC01ED29D8200606B11 /* HRTFFilter.c */,
				3AB12BC11ED29D8200606B11 /* HRTFFilter.h */,
				3AB12BC41ED2A71F00606B11 /* ERImpulseResponse.c */,
				3AB12BC51ED2A71F00606B11 /* ERImpulseResponse.h */,
				3AB12BC71ED2E4F400606B11 /* ISMVector2D.c */,
				3AB12BC81ED2E4F400606B11 /* ISMVector2D.h */,
			);
			path = ImageSourceMethod;
			sourceTree = "<group>";
		};
/* End PBXGroup section */

/* Begin PBXNativeTarget section */
		3AAE63141EC962F500DD84BE /* ImageSourceMethod */ = {
			isa = PBXNativeTarget;
			buildConfigurationList = 3AAE631C1EC962F500DD84BE /* Build configuration list for PBXNativeTarget "ImageSourceMethod" */;
			buildPhases = (
				3AAE63111EC962F500DD84BE /* Sources */,
				3AAE63121EC962F500DD84BE /* Frameworks */,
				3AAE63131EC962F500DD84BE /* CopyFiles */,
			);
			buildRules = (
			);
			dependencies = (
			);
			name = ImageSourceMethod;
			productName = ImageSourceMethod;
			productReference = 3AAE63151EC962F500DD84BE /* ImageSourceMethod */;
			productType = "com.apple.product-type.tool";
		};
/* End PBXNativeTarget section */

/* Begin PBXProject section */
		3AAE630D1EC962F500DD84BE /* Project object */ = {
			isa = PBXProject;
			attributes = {
				LastUpgradeCheck = 0830;
				ORGANIZATIONNAME = Hans;
				TargetAttributes = {
					3AAE63141EC962F500DD84BE = {
						CreatedOnToolsVersion = 8.3.2;
						ProvisioningStyle = Automatic;
					};
				};
			};
			buildConfigurationList = 3AAE63101EC962F500DD84BE /* Build configuration list for PBXProject "ImageSourceMethod" */;
			compatibilityVersion = "Xcode 3.2";
			developmentRegion = English;
			hasScannedForEncodings = 0;
			knownRegions = (
				en,
			);
			mainGroup = 3AAE630C1EC962F500DD84BE;
			productRefGroup = 3AAE63161EC962F500DD84BE /* Products */;
			projectDirPath = "";
			projectRoot = "";
			targets = (
				3AAE63141EC962F500DD84BE /* ImageSourceMethod */,
			);
		};
/* End PBXProject section */

/* Begin PBXSourcesBuildPhase section */
		3AAE63111EC962F500DD84BE /* Sources */ = {
			isa = PBXSourcesBuildPhase;
			buildActionMask = 2147483647;
			files = (
				3AB12BC91ED2E4F400606B11 /* ISMVector2D.c in Sources */,
				3AAE63191EC962F500DD84BE /* main.c in Sources */,
				3AAAF9BB1ECAF86900311CE7 /* ISMVector3D.c in Sources */,
				3AB12BC61ED2A71F00606B11 /* ERImpulseResponse.c in Sources */,
				3A388EE01ECABE2F00DC910C /* ISMRoom.c in Sources */,
				3AB12BC21ED29D8200606B11 /* HRTFFilter.c in Sources */,
				3AAE63211EC9633B00DD84BE /* ISM.c in Sources */,
				3AAAF9BD1ECAF91000311CE7 /* ISMWall.c in Sources */,
			);
			runOnlyForDeploymentPostprocessing = 0;
		};
/* End PBXSourcesBuildPhase section */

/* Begin XCBuildConfiguration section */
		3AAE631A1EC962F500DD84BE /* Debug */ = {
			isa = XCBuildConfiguration;
			buildSettings = {
				ALWAYS_SEARCH_USER_PATHS = NO;
				CLANG_ANALYZER_NONNULL = YES;
				CLANG_ANALYZER_NUMBER_OBJECT_CONVERSION = YES_AGGRESSIVE;
				CLANG_CXX_LANGUAGE_STANDARD = "gnu++0x";
				CLANG_CXX_LIBRARY = "libc++";
				CLANG_ENABLE_MODULES = YES;
				CLANG_ENABLE_OBJC_ARC = YES;
				CLANG_WARN_BOOL_CONVERSION = YES;
				CLANG_WARN_CONSTANT_CONVERSION = YES;
				CLANG_WARN_DIRECT_OBJC_ISA_USAGE = YES_ERROR;
				CLANG_WARN_DOCUMENTATION_COMMENTS = YES;
				CLANG_WARN_EMPTY_BODY = YES;
				CLANG_WARN_ENUM_CONVERSION = YES;
				CLANG_WARN_INFINITE_RECURSION = YES;
				CLANG_WARN_INT_CONVERSION = YES;
				CLANG_WARN_OBJC_ROOT_CLASS = YES_ERROR;
				CLANG_WARN_SUSPICIOUS_MOVE = YES;
				CLANG_WARN_UNREACHABLE_CODE = YES;
				CLANG_WARN__DUPLICATE_METHOD_MATCH = YES;
				CODE_SIGN_IDENTITY = "-";
				COPY_PHASE_STRIP = NO;
				DEBUG_INFORMATION_FORMAT = dwarf;
				ENABLE_STRICT_OBJC_MSGSEND = YES;
				ENABLE_TESTABILITY = YES;
				GCC_C_LANGUAGE_STANDARD = gnu99;
				GCC_DYNAMIC_NO_PIC = NO;
				GCC_NO_COMMON_BLOCKS = YES;
				GCC_OPTIMIZATION_LEVEL = 0;
				GCC_PREPROCESSOR_DEFINITIONS = (
					"DEBUG=1",
					"$(inherited)",
				);
				GCC_WARN_64_TO_32_BIT_CONVERSION = YES;
				GCC_WARN_ABOUT_RETURN_TYPE = YES_ERROR;
				GCC_WARN_UNDECLARED_SELECTOR = YES;
				GCC_WARN_UNINITIALIZED_AUTOS = YES_AGGRESSIVE;
				GCC_WARN_UNUSED_FUNCTION = YES;
				GCC_WARN_UNUSED_VARIABLE = YES;
				MACOSX_DEPLOYMENT_TARGET = 10.12;
				MTL_ENABLE_DEBUG_INFO = YES;
				ONLY_ACTIVE_ARCH = YES;
				SDKROOT = macosx;
			};
			name = Debug;
		};
		3AAE631B1EC962F500DD84BE /* Release */ = {
			isa = XCBuildConfiguration;
			buildSettings = {
				ALWAYS_SEARCH_USER_PATHS = NO;
				CLANG_ANALYZER_NONNULL = YES;
				CLANG_ANALYZER_NUMBER_OBJECT_CONVERSION = YES_AGGRESSIVE;
				CLANG_CXX_LANGUAGE_STANDARD = "gnu++0x";
				CLANG_CXX_LIBRARY = "libc++";
				CLANG_ENABLE_MODULES = YES;
				CLANG_ENABLE_OBJC_ARC = YES;
				CLANG_WARN_BOOL_CONVERSION = YES;
				CLANG_WARN_CONSTANT_CONVERSION = YES;
				CLANG_WARN_DIRECT_OBJC_ISA_USAGE = YES_ERROR;
				CLANG_WARN_DOCUMENTATION_COMMENTS = YES;
				CLANG_WARN_EMPTY_BODY = YES;
				CLANG_WARN_ENUM_CONVERSION = YES;
				CLANG_WARN_INFINITE_RECURSION = YES;
				CLANG_WARN_INT_CONVERSION = YES;
				CLANG_WARN_OBJC_ROOT_CLASS = YES_ERROR;
				CLANG_WARN_SUSPICIOUS_MOVE = YES;
				CLANG_WARN_UNREACHABLE_CODE = YES;
				CLANG_WARN__DUPLICATE_METHOD_MATCH = YES;
				CODE_SIGN_IDENTITY = "-";
				COPY_PHASE_STRIP = NO;
				DEBUG_INFORMATION_FORMAT = "dwarf-with-dsym";
				ENABLE_NS_ASSERTIONS = NO;
				ENABLE_STRICT_OBJC_MSGSEND = YES;
				GCC_C_LANGUAGE_STANDARD = gnu99;
				GCC_NO_COMMON_BLOCKS = YES;
				GCC_WARN_64_TO_32_BIT_CONVERSION = YES;
				GCC_WARN_ABOUT_RETURN_TYPE = YES_ERROR;
				GCC_WARN_UNDECLARED_SELECTOR = YES;
				GCC_WARN_UNINITIALIZED_AUTOS = YES_AGGRESSIVE;
				GCC_WARN_UNUSED_FUNCTION = YES;
				GCC_WARN_UNUSED_VARIABLE = YES;
				MACOSX_DEPLOYMENT_TARGET = 10.12;
				MTL_ENABLE_DEBUG_INFO = NO;
				SDKROOT = macosx;
			};
			name = Release;
		};
		3AAE631D1EC962F500DD84BE /* Debug */ = {
			isa = XCBuildConfiguration;
			buildSettings = {
				PRODUCT_NAME = "$(TARGET_NAME)";
			};
			name = Debug;
		};
		3AAE631E1EC962F500DD84BE /* Release */ = {
			isa = XCBuildConfiguration;
			buildSettings = {
				PRODUCT_NAME = "$(TARGET_NAME)";
			};
			name = Release;
		};
/* End XCBuildConfiguration section */

/* Begin XCConfigurationList section */
		3AAE63101EC962F500DD84BE /* Build configuration list for PBXProject "ImageSourceMethod" */ = {
			isa = XCConfigurationList;
			buildConfigurations = (
				3AAE631A1EC962F500DD84BE /* Debug */,
				3AAE631B1EC962F500DD84BE /* Release */,
			);
			defaultConfigurationIsVisible = 0;
			defaultConfigurationName = Release;
		};
		3AAE631C1EC962F500DD84BE /* Build configuration list for PBXNativeTarget "ImageSourceMethod" */ = {
			isa = XCConfigurationList;
			buildConfigurations = (
				3AAE631D1EC962F500DD84BE /* Debug */,
				3AAE631E1EC962F500DD84BE /* Release */,
			);
			defaultConfigurationIsVisible = 0;
			defaultConfigurationName = Release;
		};
/* End XCConfigurationList section */
	};
	rootObject = 3AAE630D1EC962F500DD84BE /* Project object */;
}
